
Microsoft Visual Studio Solution File, Format Version 12.00
# Visual Studio Version 17
VisualStudioVersion = 17.0.31903.59
MinimumVisualStudioVersion = 10.0.40219.1
Project("{2150E333-8FDC-42A3-9474-1A3956D46DE8}") = "src", "src", "{BED179B4-014E-423E-B99F-4BF69E23C5D0}"
EndProject
Project("{FAE04EC0-301F-11D3-BF4B-00C04F79EFBC}") = "SecurityApi", "src\Api\SecurityApi.csproj", "{81134427-B9F7-4130-A1F5-F019050FE3A7}"
EndProject
Project("{FAE04EC0-301F-11D3-BF4B-00C04F79EFBC}") = "Domain", "src\Domain\Domain.csproj", "{89914B92-41D5-4C63-9A51-4F062ADA784E}"
EndProject
Project("{FAE04EC0-301F-11D3-BF4B-00C04F79EFBC}") = "Infrastructure", "src\Infrastructure\Infrastructure.csproj", "{9690CAAC-D0C7-4EBD-B0BC-AC38D92FACFB}"
EndProject
Project("{FAE04EC0-301F-11D3-BF4B-00C04F79EFBC}") = "Application", "src\Application\Application.csproj", "{F4F36181-06C5-4D5B-8C67-E3F3EFC2DEF0}"
EndProject
Project("{2150E333-8FDC-42A3-9474-1A3956D46DE8}") = "test", "test", "{FED3EB75-9DF3-41B8-8360-7FF48A78A617}"
EndProject
Project("{FAE04EC0-301F-11D3-BF4B-00C04F79EFBC}") = "Application.Test", "test\Application.Test\Application.Test.csproj", "{58CBC3EE-AD05-4282-BE4A-18FB933694F8}"
EndProject
Project("{2150E333-8FDC-42A3-9474-1A3956D46DE8}") = "grains", "grains", "{7BAFFE40-E7E2-498A-ADED-4773C515A149}"
EndProject
Project("{FAE04EC0-301F-11D3-BF4B-00C04F79EFBC}") = "SecurityApi.Grain", "grains\OrleansClient.Grain\SecurityApi.Grain.csproj", "{2D7CB1E8-7CAE-4C4C-9FC2-3DE6E9C1A690}"
EndProject
Project("{FAE04EC0-301F-11D3-BF4B-00C04F79EFBC}") = "SecurityApi.Grain.Interface", "grains\OrleansClient.Grain.Interface\SecurityApi.Grain.Interface.csproj", "{40BA2B34-DB49-48AF-885F-96A0E7A66413}"
EndProject
Project("{FAE04EC0-301F-11D3-BF4B-00C04F79EFBC}") = "OrleansServer", "src\OrleansServer\OrleansServer.csproj", "{849EEB79-527D-4358-A8AC-2E36048BE908}"
EndProject
Project("{FAE04EC0-301F-11D3-BF4B-00C04F79EFBC}") = "SecurityApi.Grain.Test", "test\Andreani.Arq.Grain.Test\SecurityApi.Grain.Test.csproj", "{C41D85F7-D057-4DD8-8986-60E7ED306912}"
EndProject
Global
	GlobalSection(SolutionConfigurationPlatforms) = preSolution
		Debug|Any CPU = Debug|Any CPU
		Release|Any CPU = Release|Any CPU
	EndGlobalSection
	GlobalSection(SolutionProperties) = preSolution
		HideSolutionNode = FALSE
	EndGlobalSection
	GlobalSection(ProjectConfigurationPlatforms) = postSolution
		{81134427-B9F7-4130-A1F5-F019050FE3A7}.Debug|Any CPU.ActiveCfg = Debug|Any CPU
		{81134427-B9F7-4130-A1F5-F019050FE3A7}.Debug|Any CPU.Build.0 = Debug|Any CPU
		{81134427-B9F7-4130-A1F5-F019050FE3A7}.Release|Any CPU.ActiveCfg = Release|Any CPU
		{81134427-B9F7-4130-A1F5-F019050FE3A7}.Release|Any CPU.Build.0 = Release|Any CPU
		{89914B92-41D5-4C63-9A51-4F062ADA784E}.Debug|Any CPU.ActiveCfg = Debug|Any CPU
		{89914B92-41D5-4C63-9A51-4F062ADA784E}.Debug|Any CPU.Build.0 = Debug|Any CPU
		{89914B92-41D5-4C63-9A51-4F062ADA784E}.Release|Any CPU.ActiveCfg = Release|Any CPU
		{89914B92-41D5-4C63-9A51-4F062ADA784E}.Release|Any CPU.Build.0 = Release|Any CPU
		{9690CAAC-D0C7-4EBD-B0BC-AC38D92FACFB}.Debug|Any CPU.ActiveCfg = Debug|Any CPU
		{9690CAAC-D0C7-4EBD-B0BC-AC38D92FACFB}.Debug|Any CPU.Build.0 = Debug|Any CPU
		{9690CAAC-D0C7-4EBD-B0BC-AC38D92FACFB}.Release|Any CPU.ActiveCfg = Release|Any CPU
		{9690CAAC-D0C7-4EBD-B0BC-AC38D92FACFB}.Release|Any CPU.Build.0 = Release|Any CPU
		{F4F36181-06C5-4D5B-8C67-E3F3EFC2DEF0}.Debug|Any CPU.ActiveCfg = Debug|Any CPU
		{F4F36181-06C5-4D5B-8C67-E3F3EFC2DEF0}.Debug|Any CPU.Build.0 = Debug|Any CPU
		{F4F36181-06C5-4D5B-8C67-E3F3EFC2DEF0}.Release|Any CPU.ActiveCfg = Release|Any CPU
		{F4F36181-06C5-4D5B-8C67-E3F3EFC2DEF0}.Release|Any CPU.Build.0 = Release|Any CPU
		{58CBC3EE-AD05-4282-BE4A-18FB933694F8}.Debug|Any CPU.ActiveCfg = Debug|Any CPU
		{58CBC3EE-AD05-4282-BE4A-18FB933694F8}.Debug|Any CPU.Build.0 = Debug|Any CPU
		{58CBC3EE-AD05-4282-BE4A-18FB933694F8}.Release|Any CPU.ActiveCfg = Release|Any CPU
		{58CBC3EE-AD05-4282-BE4A-18FB933694F8}.Release|Any CPU.Build.0 = Release|Any CPU
		{2D7CB1E8-7CAE-4C4C-9FC2-3DE6E9C1A690}.Debug|Any CPU.ActiveCfg = Debug|Any CPU
		{2D7CB1E8-7CAE-4C4C-9FC2-3DE6E9C1A690}.Debug|Any CPU.Build.0 = Debug|Any CPU
		{2D7CB1E8-7CAE-4C4C-9FC2-3DE6E9C1A690}.Release|Any CPU.ActiveCfg = Release|Any CPU
		{2D7CB1E8-7CAE-4C4C-9FC2-3DE6E9C1A690}.Release|Any CPU.Build.0 = Release|Any CPU
		{40BA2B34-DB49-48AF-885F-96A0E7A66413}.Debug|Any CPU.ActiveCfg = Debug|Any CPU
		{40BA2B34-DB49-48AF-885F-96A0E7A66413}.Debug|Any CPU.Build.0 = Debug|Any CPU
		{40BA2B34-DB49-48AF-885F-96A0E7A66413}.Release|Any CPU.ActiveCfg = Release|Any CPU
		{40BA2B34-DB49-48AF-885F-96A0E7A66413}.Release|Any CPU.Build.0 = Release|Any CPU
		{849EEB79-527D-4358-A8AC-2E36048BE908}.Debug|Any CPU.ActiveCfg = Debug|Any CPU
		{849EEB79-527D-4358-A8AC-2E36048BE908}.Debug|Any CPU.Build.0 = Debug|Any CPU
		{849EEB79-527D-4358-A8AC-2E36048BE908}.Release|Any CPU.ActiveCfg = Release|Any CPU
		{849EEB79-527D-4358-A8AC-2E36048BE908}.Release|Any CPU.Build.0 = Release|Any CPU
		{C41D85F7-D057-4DD8-8986-60E7ED306912}.Debug|Any CPU.ActiveCfg = Debug|Any CPU
		{C41D85F7-D057-4DD8-8986-60E7ED306912}.Debug|Any CPU.Build.0 = Debug|Any CPU
		{C41D85F7-D057-4DD8-8986-60E7ED306912}.Release|Any CPU.ActiveCfg = Release|Any CPU
		{C41D85F7-D057-4DD8-8986-60E7ED306912}.Release|Any CPU.Build.0 = Release|Any CPU
	EndGlobalSection
	GlobalSection(NestedProjects) = preSolution
		{81134427-B9F7-4130-A1F5-F019050FE3A7} = {BED179B4-014E-423E-B99F-4BF69E23C5D0}
		{89914B92-41D5-4C63-9A51-4F062ADA784E} = {BED179B4-014E-423E-B99F-4BF69E23C5D0}
		{9690CAAC-D0C7-4EBD-B0BC-AC38D92FACFB} = {BED179B4-014E-423E-B99F-4BF69E23C5D0}
		{F4F36181-06C5-4D5B-8C67-E3F3EFC2DEF0} = {BED179B4-014E-423E-B99F-4BF69E23C5D0}
		{58CBC3EE-AD05-4282-BE4A-18FB933694F8} = {FED3EB75-9DF3-41B8-8360-7FF48A78A617}
		{2D7CB1E8-7CAE-4C4C-9FC2-3DE6E9C1A690} = {7BAFFE40-E7E2-498A-ADED-4773C515A149}
		{40BA2B34-DB49-48AF-885F-96A0E7A66413} = {7BAFFE40-E7E2-498A-ADED-4773C515A149}
		{849EEB79-527D-4358-A8AC-2E36048BE908} = {BED179B4-014E-423E-B99F-4BF69E23C5D0}
		{C41D85F7-D057-4DD8-8986-60E7ED306912} = {FED3EB75-9DF3-41B8-8360-7FF48A78A617}
	EndGlobalSection
EndGlobal
